
Microsoft Visual Studio Solution File, Format Version 12.00
# Visual Studio Version 16
VisualStudioVersion = 16.0.31402.337
MinimumVisualStudioVersion = 10.0.40219.1
Project("{9A19103F-16F7-4668-BE54-9A1E7A4F7556}") = "Umbraco.Forms.Integrations.Crm.Hubspot", "Umbraco.Forms.Integrations.Crm.Hubspot\Umbraco.Forms.Integrations.Crm.Hubspot.csproj", "{E7F3F2CC-DCB6-4158-AABA-D2EA9E1B9FA8}"
EndProject
Project("{FAE04EC0-301F-11D3-BF4B-00C04F79EFBC}") = "Umbraco.Forms.Integrations.TestSite", "Umbraco.Forms.Integrations.TestSite\Umbraco.Forms.Integrations.TestSite.csproj", "{B34FD8A8-EA3E-4FD0-9A95-ACFE5F54CED4}"
EndProject
Project("{2150E333-8FDC-42A3-9474-1A3956D46DE8}") = "CRM", "CRM", "{B068CD05-EA88-4457-B8D9-6DB899E7EBE1}"
EndProject
Project("{2150E333-8FDC-42A3-9474-1A3956D46DE8}") = "Hubspot", "Hubspot", "{621A30D4-2251-43FF-BB4A-A4808C6A67D6}"
EndProject
Project("{9A19103F-16F7-4668-BE54-9A1E7A4F7556}") = "Umbraco.Forms.Integrations.Crm.Hubspot.Tests", "Umbraco.Forms.Integrations.Crm.Hubspot.Tests\Umbraco.Forms.Integrations.Crm.Hubspot.Tests.csproj", "{53742941-B77B-4A95-B247-F3ADD944C2FD}"
EndProject
Project("{2150E333-8FDC-42A3-9474-1A3956D46DE8}") = "Solution Items", "Solution Items", "{D8563F12-E8CF-4900-BEF4-531B8C1FE8A3}"
	ProjectSection(SolutionItems) = preProject
		..\azure-pipeline - Cms.OAuthProxy.yml = ..\azure-pipeline - Cms.OAuthProxy.yml
		..\azure-pipeline - Crm.Hubspot.yml = ..\azure-pipeline - Crm.Hubspot.yml
		..\README.md = ..\README.md
	EndProjectSection
EndProject
Project("{9A19103F-16F7-4668-BE54-9A1E7A4F7556}") = "Umbraco.Cms.Integrations.OAuthProxy", "Umbraco.Cms.Integrations.OAuthProxy\Umbraco.Cms.Integrations.OAuthProxy.csproj", "{B3FD7257-B50B-4221-A5CF-59AC25862924}"
EndProject
Global
	GlobalSection(SolutionConfigurationPlatforms) = preSolution
		Debug|Any CPU = Debug|Any CPU
		Release|Any CPU = Release|Any CPU
	EndGlobalSection
	GlobalSection(ProjectConfigurationPlatforms) = postSolution
		{E7F3F2CC-DCB6-4158-AABA-D2EA9E1B9FA8}.Debug|Any CPU.ActiveCfg = Debug|Any CPU
		{E7F3F2CC-DCB6-4158-AABA-D2EA9E1B9FA8}.Debug|Any CPU.Build.0 = Debug|Any CPU
		{E7F3F2CC-DCB6-4158-AABA-D2EA9E1B9FA8}.Release|Any CPU.ActiveCfg = Release|Any CPU
		{E7F3F2CC-DCB6-4158-AABA-D2EA9E1B9FA8}.Release|Any CPU.Build.0 = Release|Any CPU
		{B34FD8A8-EA3E-4FD0-9A95-ACFE5F54CED4}.Debug|Any CPU.ActiveCfg = Debug|Any CPU
		{B34FD8A8-EA3E-4FD0-9A95-ACFE5F54CED4}.Debug|Any CPU.Build.0 = Debug|Any CPU
		{B34FD8A8-EA3E-4FD0-9A95-ACFE5F54CED4}.Release|Any CPU.ActiveCfg = Release|Any CPU
		{B34FD8A8-EA3E-4FD0-9A95-ACFE5F54CED4}.Release|Any CPU.Build.0 = Release|Any CPU
		{53742941-B77B-4A95-B247-F3ADD944C2FD}.Debug|Any CPU.ActiveCfg = Debug|Any CPU
		{53742941-B77B-4A95-B247-F3ADD944C2FD}.Debug|Any CPU.Build.0 = Debug|Any CPU
		{53742941-B77B-4A95-B247-F3ADD944C2FD}.Release|Any CPU.ActiveCfg = Release|Any CPU
		{53742941-B77B-4A95-B247-F3ADD944C2FD}.Release|Any CPU.Build.0 = Release|Any CPU
		{B3FD7257-B50B-4221-A5CF-59AC25862924}.Debug|Any CPU.ActiveCfg = Debug|Any CPU
		{B3FD7257-B50B-4221-A5CF-59AC25862924}.Debug|Any CPU.Build.0 = Debug|Any CPU
		{B3FD7257-B50B-4221-A5CF-59AC25862924}.Release|Any CPU.ActiveCfg = Release|Any CPU
		{B3FD7257-B50B-4221-A5CF-59AC25862924}.Release|Any CPU.Build.0 = Release|Any CPU
	EndGlobalSection
	GlobalSection(SolutionProperties) = preSolution
		HideSolutionNode = FALSE
	EndGlobalSection
	GlobalSection(NestedProjects) = preSolution
		{E7F3F2CC-DCB6-4158-AABA-D2EA9E1B9FA8} = {621A30D4-2251-43FF-BB4A-A4808C6A67D6}
		{621A30D4-2251-43FF-BB4A-A4808C6A67D6} = {B068CD05-EA88-4457-B8D9-6DB899E7EBE1}
		{53742941-B77B-4A95-B247-F3ADD944C2FD} = {621A30D4-2251-43FF-BB4A-A4808C6A67D6}
		{B3FD7257-B50B-4221-A5CF-59AC25862924} = {621A30D4-2251-43FF-BB4A-A4808C6A67D6}
	EndGlobalSection
	GlobalSection(ExtensibilityGlobals) = postSolution
		SolutionGuid = {24944114-049F-4C44-95C5-E50600988018}
	EndGlobalSection
EndGlobal
